// !$*UTF8*$!
{
	archiveVersion = 1;
	classes = {
	};
	objectVersion = 46;
	objects = {

/* Begin PBXBuildFile section */
		D58AA20E185B23BB00DBEAC7 /* QuickLook.framework in Frameworks */ = {isa = PBXBuildFile; fileRef = D58AA20D185B23BB00DBEAC7 /* QuickLook.framework */; };
		D58AA210185B23BB00DBEAC7 /* ApplicationServices.framework in Frameworks */ = {isa = PBXBuildFile; fileRef = D58AA20F185B23BB00DBEAC7 /* ApplicationServices.framework */; };
		D58AA212185B23BB00DBEAC7 /* CoreServices.framework in Frameworks */ = {isa = PBXBuildFile; fileRef = D58AA211185B23BB00DBEAC7 /* CoreServices.framework */; };
		D58AA214185B23BB00DBEAC7 /* CoreFoundation.framework in Frameworks */ = {isa = PBXBuildFile; fileRef = D58AA213185B23BB00DBEAC7 /* CoreFoundation.framework */; };
		D58AA21A185B23BB00DBEAC7 /* InfoPlist.strings in Resources */ = {isa = PBXBuildFile; fileRef = D58AA218185B23BB00DBEAC7 /* InfoPlist.strings */; };
		D58AA220185B23BB00DBEAC7 /* main.c in Sources */ = {isa = PBXBuildFile; fileRef = D58AA21F185B23BB00DBEAC7 /* main.c */; };
		D58AA236185B880A00DBEAC7 /* GeneratePreviewForURL.m in Sources */ = {isa = PBXBuildFile; fileRef = D58AA234185B880A00DBEAC7 /* GeneratePreviewForURL.m */; };
		D58AA237185B880A00DBEAC7 /* GenerateThumbnailForURL.m in Sources */ = {isa = PBXBuildFile; fileRef = D58AA235185B880A00DBEAC7 /* GenerateThumbnailForURL.m */; };
		D58AA262185B8B7D00DBEAC7 /* GeneratePreviewForURL.h in Headers */ = {isa = PBXBuildFile; fileRef = D58AA261185B8B7D00DBEAC7 /* GeneratePreviewForURL.h */; };
		D58AA264185B8C7500DBEAC7 /* WebKit.framework in Frameworks */ = {isa = PBXBuildFile; fileRef = D58AA263185B8C7500DBEAC7 /* WebKit.framework */; };
		D58AA266185B8CA200DBEAC7 /* Cocoa.framework in Frameworks */ = {isa = PBXBuildFile; fileRef = D58AA265185B8CA200DBEAC7 /* Cocoa.framework */; };
		D58AA276185BC12F00DBEAC7 /* main.c in Sources */ = {isa = PBXBuildFile; fileRef = D58AA21F185B23BB00DBEAC7 /* main.c */; };
		D58AA27E185BC12F00DBEAC7 /* GeneratePreviewForURL.m in Sources */ = {isa = PBXBuildFile; fileRef = D58AA234185B880A00DBEAC7 /* GeneratePreviewForURL.m */; };
		D58AA283185BC12F00DBEAC7 /* GenerateThumbnailForURL.m in Sources */ = {isa = PBXBuildFile; fileRef = D58AA235185B880A00DBEAC7 /* GenerateThumbnailForURL.m */; };
		D58AA288185BC12F00DBEAC7 /* Cocoa.framework in Frameworks */ = {isa = PBXBuildFile; fileRef = D58AA265185B8CA200DBEAC7 /* Cocoa.framework */; };
		D58AA289185BC12F00DBEAC7 /* WebKit.framework in Frameworks */ = {isa = PBXBuildFile; fileRef = D58AA263185B8C7500DBEAC7 /* WebKit.framework */; };
		D58AA28A185BC12F00DBEAC7 /* CoreFoundation.framework in Frameworks */ = {isa = PBXBuildFile; fileRef = D58AA213185B23BB00DBEAC7 /* CoreFoundation.framework */; };
		D58AA28B185BC12F00DBEAC7 /* QuickLook.framework in Frameworks */ = {isa = PBXBuildFile; fileRef = D58AA20D185B23BB00DBEAC7 /* QuickLook.framework */; };
		D58AA28C185BC12F00DBEAC7 /* CoreServices.framework in Frameworks */ = {isa = PBXBuildFile; fileRef = D58AA211185B23BB00DBEAC7 /* CoreServices.framework */; };
		D58AA28D185BC12F00DBEAC7 /* ApplicationServices.framework in Frameworks */ = {isa = PBXBuildFile; fileRef = D58AA20F185B23BB00DBEAC7 /* ApplicationServices.framework */; };
		D58AA291185BC12F00DBEAC7 /* GeneratePreviewForURL.h in Headers */ = {isa = PBXBuildFile; fileRef = D58AA261185B8B7D00DBEAC7 /* GeneratePreviewForURL.h */; };
		D58AA293185BC12F00DBEAC7 /* InfoPlist.strings in Resources */ = {isa = PBXBuildFile; fileRef = D58AA218185B23BB00DBEAC7 /* InfoPlist.strings */; };
/* End PBXBuildFile section */

/* Begin PBXContainerItemProxy section */
		D58AA26F185BC12F00DBEAC7 /* PBXContainerItemProxy */ = {
			isa = PBXContainerItemProxy;
			containerPortal = D58AA200185B23BB00DBEAC7 /* Project object */;
			proxyType = 1;
			remoteGlobalIDString = D58AA22C185B827500DBEAC7;
			remoteInfo = "Nimrod rst lib";
		};
/* End PBXContainerItemProxy section */

/* Begin PBXFileReference section */
		D58AA20A185B23BB00DBEAC7 /* QuickLook reStructuredText.qlgenerator */ = {isa = PBXFileReference; explicitFileType = wrapper.cfbundle; includeInIndex = 0; path = "QuickLook reStructuredText.qlgenerator"; sourceTree = BUILT_PRODUCTS_DIR; };
		D58AA20D185B23BB00DBEAC7 /* QuickLook.framework */ = {isa = PBXFileReference; lastKnownFileType = wrapper.framework; name = QuickLook.framework; path = System/Library/Frameworks/QuickLook.framework; sourceTree = SDKROOT; };
		D58AA20F185B23BB00DBEAC7 /* ApplicationServices.framework */ = {isa = PBXFileReference; lastKnownFileType = wrapper.framework; name = ApplicationServices.framework; path = System/Library/Frameworks/ApplicationServices.framework; sourceTree = SDKROOT; };
		D58AA211185B23BB00DBEAC7 /* CoreServices.framework */ = {isa = PBXFileReference; lastKnownFileType = wrapper.framework; name = CoreServices.framework; path = System/Library/Frameworks/CoreServices.framework; sourceTree = SDKROOT; };
		D58AA213185B23BB00DBEAC7 /* CoreFoundation.framework */ = {isa = PBXFileReference; lastKnownFileType = wrapper.framework; name = CoreFoundation.framework; path = System/Library/Frameworks/CoreFoundation.framework; sourceTree = SDKROOT; };
		D58AA217185B23BB00DBEAC7 /* QuickLook reStructuredText-Info.plist */ = {isa = PBXFileReference; lastKnownFileType = text.plist.xml; path = "QuickLook reStructuredText-Info.plist"; sourceTree = "<group>"; };
		D58AA219185B23BB00DBEAC7 /* en */ = {isa = PBXFileReference; lastKnownFileType = text.plist.strings; name = en; path = en.lproj/InfoPlist.strings; sourceTree = "<group>"; };
		D58AA21F185B23BB00DBEAC7 /* main.c */ = {isa = PBXFileReference; lastKnownFileType = sourcecode.c.c; path = main.c; sourceTree = "<group>"; };
		D58AA221185B23BB00DBEAC7 /* QuickLook reStructuredText-Prefix.pch */ = {isa = PBXFileReference; lastKnownFileType = sourcecode.c.h; path = "QuickLook reStructuredText-Prefix.pch"; sourceTree = "<group>"; };
		D58AA22B185B824700DBEAC7 /* xcode_prebuild.sh */ = {isa = PBXFileReference; lastKnownFileType = text.script.sh; path = xcode_prebuild.sh; sourceTree = "<group>"; };
		D58AA234185B880A00DBEAC7 /* GeneratePreviewForURL.m */ = {isa = PBXFileReference; fileEncoding = 4; lastKnownFileType = sourcecode.c.objc; path = GeneratePreviewForURL.m; sourceTree = "<group>"; };
		D58AA235185B880A00DBEAC7 /* GenerateThumbnailForURL.m */ = {isa = PBXFileReference; fileEncoding = 4; lastKnownFileType = sourcecode.c.objc; path = GenerateThumbnailForURL.m; sourceTree = "<group>"; };
		D58AA261185B8B7D00DBEAC7 /* GeneratePreviewForURL.h */ = {isa = PBXFileReference; fileEncoding = 4; lastKnownFileType = sourcecode.c.h; path = GeneratePreviewForURL.h; sourceTree = "<group>"; };
		D58AA263185B8C7500DBEAC7 /* WebKit.framework */ = {isa = PBXFileReference; lastKnownFileType = wrapper.framework; name = WebKit.framework; path = System/Library/Frameworks/WebKit.framework; sourceTree = SDKROOT; };
		D58AA265185B8CA200DBEAC7 /* Cocoa.framework */ = {isa = PBXFileReference; lastKnownFileType = wrapper.framework; name = Cocoa.framework; path = System/Library/Frameworks/Cocoa.framework; sourceTree = SDKROOT; };
		D58AA298185BC12F00DBEAC7 /* QuickLook reStructuredText copy.qlgenerator */ = {isa = PBXFileReference; explicitFileType = wrapper.cfbundle; includeInIndex = 0; path = "QuickLook reStructuredText copy.qlgenerator"; sourceTree = BUILT_PRODUCTS_DIR; };
/* End PBXFileReference section */

/* Begin PBXFrameworksBuildPhase section */
		D58AA205185B23BB00DBEAC7 /* Frameworks */ = {
			isa = PBXFrameworksBuildPhase;
			buildActionMask = 2147483647;
			files = (
				D58AA266185B8CA200DBEAC7 /* Cocoa.framework in Frameworks */,
				D58AA264185B8C7500DBEAC7 /* WebKit.framework in Frameworks */,
				D58AA214185B23BB00DBEAC7 /* CoreFoundation.framework in Frameworks */,
				D58AA20E185B23BB00DBEAC7 /* QuickLook.framework in Frameworks */,
				D58AA212185B23BB00DBEAC7 /* CoreServices.framework in Frameworks */,
				D58AA210185B23BB00DBEAC7 /* ApplicationServices.framework in Frameworks */,
			);
			runOnlyForDeploymentPostprocessing = 0;
		};
		D58AA287185BC12F00DBEAC7 /* Frameworks */ = {
			isa = PBXFrameworksBuildPhase;
			buildActionMask = 2147483647;
			files = (
				D58AA288185BC12F00DBEAC7 /* Cocoa.framework in Frameworks */,
				D58AA289185BC12F00DBEAC7 /* WebKit.framework in Frameworks */,
				D58AA28A185BC12F00DBEAC7 /* CoreFoundation.framework in Frameworks */,
				D58AA28B185BC12F00DBEAC7 /* QuickLook.framework in Frameworks */,
				D58AA28C185BC12F00DBEAC7 /* CoreServices.framework in Frameworks */,
				D58AA28D185BC12F00DBEAC7 /* ApplicationServices.framework in Frameworks */,
			);
			runOnlyForDeploymentPostprocessing = 0;
		};
/* End PBXFrameworksBuildPhase section */

/* Begin PBXGroup section */
		D58AA1FF185B23BB00DBEAC7 = {
			isa = PBXGroup;
			children = (
				D58AA215185B23BB00DBEAC7 /* objc */,
				D58AA22A185B824700DBEAC7 /* scripts */,
				D58AA20C185B23BB00DBEAC7 /* Frameworks */,
				D58AA20B185B23BB00DBEAC7 /* Products */,
			);
			sourceTree = "<group>";
		};
		D58AA20B185B23BB00DBEAC7 /* Products */ = {
			isa = PBXGroup;
			children = (
				D58AA20A185B23BB00DBEAC7 /* QuickLook reStructuredText.qlgenerator */,
				D58AA298185BC12F00DBEAC7 /* QuickLook reStructuredText copy.qlgenerator */,
			);
			name = Products;
			sourceTree = "<group>";
		};
		D58AA20C185B23BB00DBEAC7 /* Frameworks */ = {
			isa = PBXGroup;
			children = (
				D58AA265185B8CA200DBEAC7 /* Cocoa.framework */,
				D58AA263185B8C7500DBEAC7 /* WebKit.framework */,
				D58AA20D185B23BB00DBEAC7 /* QuickLook.framework */,
				D58AA20F185B23BB00DBEAC7 /* ApplicationServices.framework */,
				D58AA211185B23BB00DBEAC7 /* CoreServices.framework */,
				D58AA213185B23BB00DBEAC7 /* CoreFoundation.framework */,
			);
			name = Frameworks;
			sourceTree = "<group>";
		};
		D58AA215185B23BB00DBEAC7 /* objc */ = {
			isa = PBXGroup;
			children = (
				D58AA261185B8B7D00DBEAC7 /* GeneratePreviewForURL.h */,
				D58AA234185B880A00DBEAC7 /* GeneratePreviewForURL.m */,
				D58AA235185B880A00DBEAC7 /* GenerateThumbnailForURL.m */,
				D58AA21F185B23BB00DBEAC7 /* main.c */,
				D58AA216185B23BB00DBEAC7 /* Supporting Files */,
			);
			path = objc;
			sourceTree = "<group>";
		};
		D58AA216185B23BB00DBEAC7 /* Supporting Files */ = {
			isa = PBXGroup;
			children = (
				D58AA217185B23BB00DBEAC7 /* QuickLook reStructuredText-Info.plist */,
				D58AA218185B23BB00DBEAC7 /* InfoPlist.strings */,
				D58AA221185B23BB00DBEAC7 /* QuickLook reStructuredText-Prefix.pch */,
			);
			name = "Supporting Files";
			sourceTree = "<group>";
		};
		D58AA22A185B824700DBEAC7 /* scripts */ = {
			isa = PBXGroup;
			children = (
				D58AA22B185B824700DBEAC7 /* xcode_prebuild.sh */,
			);
			path = scripts;
			sourceTree = "<group>";
		};
/* End PBXGroup section */

/* Begin PBXHeadersBuildPhase section */
		D58AA206185B23BB00DBEAC7 /* Headers */ = {
			isa = PBXHeadersBuildPhase;
			buildActionMask = 2147483647;
			files = (
				D58AA262185B8B7D00DBEAC7 /* GeneratePreviewForURL.h in Headers */,
			);
			runOnlyForDeploymentPostprocessing = 0;
		};
		D58AA28E185BC12F00DBEAC7 /* Headers */ = {
			isa = PBXHeadersBuildPhase;
			buildActionMask = 2147483647;
			files = (
				D58AA291185BC12F00DBEAC7 /* GeneratePreviewForURL.h in Headers */,
			);
			runOnlyForDeploymentPostprocessing = 0;
		};
/* End PBXHeadersBuildPhase section */

/* Begin PBXLegacyTarget section */
		D58AA22C185B827500DBEAC7 /* Nimrod rst lib */ = {
			isa = PBXLegacyTarget;
			buildArgumentsString = "$(ACTION)";
			buildConfigurationList = D58AA22D185B827500DBEAC7 /* Build configuration list for PBXLegacyTarget "Nimrod rst lib" */;
			buildPhases = (
			);
			buildToolPath = scripts/xcode_prebuild.sh;
			buildWorkingDirectory = "$(SRCDIR)";
			dependencies = (
			);
			name = "Nimrod rst lib";
			passBuildSettingsInEnvironment = 1;
			productName = "Nimrod rst lib";
		};
/* End PBXLegacyTarget section */

/* Begin PBXNativeTarget section */
		D58AA209185B23BB00DBEAC7 /* QuickLook reStructuredText */ = {
			isa = PBXNativeTarget;
			buildConfigurationList = D58AA224185B23BB00DBEAC7 /* Build configuration list for PBXNativeTarget "QuickLook reStructuredText" */;
			buildPhases = (
				D58AA204185B23BB00DBEAC7 /* Sources */,
				D58AA205185B23BB00DBEAC7 /* Frameworks */,
				D58AA206185B23BB00DBEAC7 /* Headers */,
				D58AA207185B23BB00DBEAC7 /* Resources */,
				D58AA208185B23BB00DBEAC7 /* Rez */,
			);
			buildRules = (
			);
			dependencies = (
			);
			name = "QuickLook reStructuredText";
			productName = "QuickLook reStructuredText";
			productReference = D58AA20A185B23BB00DBEAC7 /* QuickLook reStructuredText.qlgenerator */;
			productType = "com.apple.product-type.bundle";
		};
		D58AA26D185BC12F00DBEAC7 /* rebuilder */ = {
			isa = PBXNativeTarget;
			buildConfigurationList = D58AA295185BC12F00DBEAC7 /* Build configuration list for PBXNativeTarget "rebuilder" */;
			buildPhases = (
				D58AA270185BC12F00DBEAC7 /* Sources */,
				D58AA287185BC12F00DBEAC7 /* Frameworks */,
				D58AA28E185BC12F00DBEAC7 /* Headers */,
				D58AA292185BC12F00DBEAC7 /* Resources */,
				D58AA294185BC12F00DBEAC7 /* Rez */,
			);
			buildRules = (
			);
			dependencies = (
				D58AA26E185BC12F00DBEAC7 /* PBXTargetDependency */,
			);
			name = rebuilder;
			productName = "QuickLook reStructuredText";
			productReference = D58AA298185BC12F00DBEAC7 /* QuickLook reStructuredText copy.qlgenerator */;
			productType = "com.apple.product-type.bundle";
		};
/* End PBXNativeTarget section */

/* Begin PBXProject section */
		D58AA200185B23BB00DBEAC7 /* Project object */ = {
			isa = PBXProject;
			attributes = {
				LastUpgradeCheck = 0500;
				ORGANIZATIONNAME = "Electric Hands Software";
			};
			buildConfigurationList = D58AA203185B23BB00DBEAC7 /* Build configuration list for PBXProject "QuickLook reStructuredText" */;
			compatibilityVersion = "Xcode 3.2";
			developmentRegion = English;
			hasScannedForEncodings = 0;
			knownRegions = (
				en,
			);
			mainGroup = D58AA1FF185B23BB00DBEAC7;
			productRefGroup = D58AA20B185B23BB00DBEAC7 /* Products */;
			projectDirPath = "";
			projectRoot = "";
			targets = (
				D58AA209185B23BB00DBEAC7 /* QuickLook reStructuredText */,
				D58AA22C185B827500DBEAC7 /* Nimrod rst lib */,
				D58AA26D185BC12F00DBEAC7 /* rebuilder */,
			);
		};
/* End PBXProject section */

/* Begin PBXResourcesBuildPhase section */
		D58AA207185B23BB00DBEAC7 /* Resources */ = {
			isa = PBXResourcesBuildPhase;
			buildActionMask = 2147483647;
			files = (
				D58AA21A185B23BB00DBEAC7 /* InfoPlist.strings in Resources */,
			);
			runOnlyForDeploymentPostprocessing = 0;
		};
		D58AA292185BC12F00DBEAC7 /* Resources */ = {
			isa = PBXResourcesBuildPhase;
			buildActionMask = 2147483647;
			files = (
				D58AA293185BC12F00DBEAC7 /* InfoPlist.strings in Resources */,
			);
			runOnlyForDeploymentPostprocessing = 0;
		};
/* End PBXResourcesBuildPhase section */

/* Begin PBXRezBuildPhase section */
		D58AA208185B23BB00DBEAC7 /* Rez */ = {
			isa = PBXRezBuildPhase;
			buildActionMask = 2147483647;
			files = (
			);
			runOnlyForDeploymentPostprocessing = 0;
		};
		D58AA294185BC12F00DBEAC7 /* Rez */ = {
			isa = PBXRezBuildPhase;
			buildActionMask = 2147483647;
			files = (
			);
			runOnlyForDeploymentPostprocessing = 0;
		};
/* End PBXRezBuildPhase section */

/* Begin PBXSourcesBuildPhase section */
		D58AA204185B23BB00DBEAC7 /* Sources */ = {
			isa = PBXSourcesBuildPhase;
			buildActionMask = 2147483647;
			files = (
				D58AA220185B23BB00DBEAC7 /* main.c in Sources */,
				D58AA236185B880A00DBEAC7 /* GeneratePreviewForURL.m in Sources */,
				D58AA237185B880A00DBEAC7 /* GenerateThumbnailForURL.m in Sources */,
			);
			runOnlyForDeploymentPostprocessing = 0;
		};
		D58AA270185BC12F00DBEAC7 /* Sources */ = {
			isa = PBXSourcesBuildPhase;
			buildActionMask = 2147483647;
			files = (
				D58AA276185BC12F00DBEAC7 /* main.c in Sources */,
				D58AA27E185BC12F00DBEAC7 /* GeneratePreviewForURL.m in Sources */,
				D58AA283185BC12F00DBEAC7 /* GenerateThumbnailForURL.m in Sources */,
			);
			runOnlyForDeploymentPostprocessing = 0;
		};
/* End PBXSourcesBuildPhase section */

/* Begin PBXTargetDependency section */
		D58AA26E185BC12F00DBEAC7 /* PBXTargetDependency */ = {
			isa = PBXTargetDependency;
			target = D58AA22C185B827500DBEAC7 /* Nimrod rst lib */;
			targetProxy = D58AA26F185BC12F00DBEAC7 /* PBXContainerItemProxy */;
		};
/* End PBXTargetDependency section */

/* Begin PBXVariantGroup section */
		D58AA218185B23BB00DBEAC7 /* InfoPlist.strings */ = {
			isa = PBXVariantGroup;
			children = (
				D58AA219185B23BB00DBEAC7 /* en */,
			);
			name = InfoPlist.strings;
			sourceTree = "<group>";
		};
/* End PBXVariantGroup section */

/* Begin XCBuildConfiguration section */
		D58AA222185B23BB00DBEAC7 /* Debug */ = {
			isa = XCBuildConfiguration;
			buildSettings = {
				ALWAYS_SEARCH_USER_PATHS = NO;
				CLANG_CXX_LANGUAGE_STANDARD = "gnu++0x";
				CLANG_CXX_LIBRARY = "libc++";
				CLANG_ENABLE_OBJC_ARC = NO;
				CLANG_WARN_BOOL_CONVERSION = YES;
				CLANG_WARN_CONSTANT_CONVERSION = YES;
				CLANG_WARN_DIRECT_OBJC_ISA_USAGE = YES_ERROR;
				CLANG_WARN_EMPTY_BODY = YES;
				CLANG_WARN_ENUM_CONVERSION = YES;
				CLANG_WARN_INT_CONVERSION = YES;
				CLANG_WARN_OBJC_ROOT_CLASS = YES_ERROR;
				CLANG_WARN__DUPLICATE_METHOD_MATCH = YES;
				COPY_PHASE_STRIP = NO;
				GCC_C_LANGUAGE_STANDARD = gnu99;
				GCC_DYNAMIC_NO_PIC = NO;
				GCC_ENABLE_OBJC_EXCEPTIONS = YES;
				GCC_OPTIMIZATION_LEVEL = 0;
				GCC_PREPROCESSOR_DEFINITIONS = (
					"DEBUG=1",
					"$(inherited)",
				);
				GCC_SYMBOLS_PRIVATE_EXTERN = NO;
				GCC_WARN_64_TO_32_BIT_CONVERSION = YES;
				GCC_WARN_ABOUT_RETURN_TYPE = YES_ERROR;
				GCC_WARN_UNDECLARED_SELECTOR = YES;
				GCC_WARN_UNINITIALIZED_AUTOS = YES;
				GCC_WARN_UNUSED_FUNCTION = YES;
				GCC_WARN_UNUSED_VARIABLE = YES;
				MACOSX_DEPLOYMENT_TARGET = 10.5;
				ONLY_ACTIVE_ARCH = YES;
				SDKROOT = macosx;
				USER_HEADER_SEARCH_PATHS = "";
			};
			name = Debug;
		};
		D58AA223185B23BB00DBEAC7 /* Release */ = {
			isa = XCBuildConfiguration;
			buildSettings = {
				ALWAYS_SEARCH_USER_PATHS = NO;
				CLANG_CXX_LANGUAGE_STANDARD = "gnu++0x";
				CLANG_CXX_LIBRARY = "libc++";
				CLANG_ENABLE_OBJC_ARC = NO;
				CLANG_WARN_BOOL_CONVERSION = YES;
				CLANG_WARN_CONSTANT_CONVERSION = YES;
				CLANG_WARN_DIRECT_OBJC_ISA_USAGE = YES_ERROR;
				CLANG_WARN_EMPTY_BODY = YES;
				CLANG_WARN_ENUM_CONVERSION = YES;
				CLANG_WARN_INT_CONVERSION = YES;
				CLANG_WARN_OBJC_ROOT_CLASS = YES_ERROR;
				CLANG_WARN__DUPLICATE_METHOD_MATCH = YES;
				COPY_PHASE_STRIP = YES;
				DEBUG_INFORMATION_FORMAT = "dwarf-with-dsym";
				ENABLE_NS_ASSERTIONS = NO;
				GCC_C_LANGUAGE_STANDARD = gnu99;
				GCC_ENABLE_OBJC_EXCEPTIONS = YES;
				GCC_WARN_64_TO_32_BIT_CONVERSION = YES;
				GCC_WARN_ABOUT_RETURN_TYPE = YES_ERROR;
				GCC_WARN_UNDECLARED_SELECTOR = YES;
				GCC_WARN_UNINITIALIZED_AUTOS = YES;
				GCC_WARN_UNUSED_FUNCTION = YES;
				GCC_WARN_UNUSED_VARIABLE = YES;
				MACOSX_DEPLOYMENT_TARGET = 10.5;
				SDKROOT = macosx;
				USER_HEADER_SEARCH_PATHS = "";
			};
			name = Release;
		};
		D58AA225185B23BB00DBEAC7 /* Debug */ = {
			isa = XCBuildConfiguration;
			buildSettings = {
				COMBINE_HIDPI_IMAGES = YES;
				GCC_PRECOMPILE_PREFIX_HEADER = YES;
				GCC_PREFIX_HEADER = "objc/QuickLook reStructuredText-Prefix.pch";
				INFOPLIST_FILE = "objc/QuickLook reStructuredText-Info.plist";
				INSTALL_PATH = /Library/QuickLook;
				PRODUCT_NAME = "$(TARGET_NAME)";
				WRAPPER_EXTENSION = qlgenerator;
			};
			name = Debug;
		};
		D58AA226185B23BB00DBEAC7 /* Release */ = {
			isa = XCBuildConfiguration;
			buildSettings = {
				COMBINE_HIDPI_IMAGES = YES;
				GCC_PRECOMPILE_PREFIX_HEADER = YES;
				GCC_PREFIX_HEADER = "objc/QuickLook reStructuredText-Prefix.pch";
				INFOPLIST_FILE = "objc/QuickLook reStructuredText-Info.plist";
				INSTALL_PATH = /Library/QuickLook;
				PRODUCT_NAME = "$(TARGET_NAME)";
				WRAPPER_EXTENSION = qlgenerator;
			};
			name = Release;
		};
		D58AA22E185B827500DBEAC7 /* Debug */ = {
			isa = XCBuildConfiguration;
			buildSettings = {
				DEBUGGING_SYMBOLS = YES;
				GCC_GENERATE_DEBUGGING_SYMBOLS = YES;
				GCC_OPTIMIZATION_LEVEL = 0;
				GCC_PREPROCESSOR_DEFINITIONS = (
					"DEBUG=1",
					"$(inherited)",
				);
				MACOSX_DEPLOYMENT_TARGET = 10.8;
				OTHER_CFLAGS = "";
				OTHER_LDFLAGS = "";
				PRODUCT_NAME = "$(TARGET_NAME)";
			};
			name = Debug;
		};
		D58AA22F185B827500DBEAC7 /* Release */ = {
			isa = XCBuildConfiguration;
			buildSettings = {
				MACOSX_DEPLOYMENT_TARGET = 10.8;
				OTHER_CFLAGS = "";
				OTHER_LDFLAGS = "";
				PRODUCT_NAME = "$(TARGET_NAME)";
			};
			name = Release;
		};
		D58AA296185BC12F00DBEAC7 /* Debug */ = {
			isa = XCBuildConfiguration;
			buildSettings = {
				COMBINE_HIDPI_IMAGES = YES;
				GCC_PRECOMPILE_PREFIX_HEADER = YES;
				GCC_PREFIX_HEADER = "objc/QuickLook reStructuredText-Prefix.pch";
				INFOPLIST_FILE = "objc/QuickLook reStructuredText-Info.plist";
				INSTALL_PATH = /Library/QuickLook;
				PRODUCT_NAME = "QuickLook reStructuredText copy";
				WRAPPER_EXTENSION = qlgenerator;
			};
			name = Debug;
		};
		D58AA297185BC12F00DBEAC7 /* Release */ = {
			isa = XCBuildConfiguration;
			buildSettings = {
				COMBINE_HIDPI_IMAGES = YES;
				GCC_PRECOMPILE_PREFIX_HEADER = YES;
				GCC_PREFIX_HEADER = "objc/QuickLook reStructuredText-Prefix.pch";
				INFOPLIST_FILE = "objc/QuickLook reStructuredText-Info.plist";
				INSTALL_PATH = /Library/QuickLook;
				PRODUCT_NAME = "QuickLook reStructuredText copy";
				WRAPPER_EXTENSION = qlgenerator;
			};
			name = Release;
		};
/* End XCBuildConfiguration section */

/* Begin XCConfigurationList section */
		D58AA203185B23BB00DBEAC7 /* Build configuration list for PBXProject "QuickLook reStructuredText" */ = {
			isa = XCConfigurationList;
			buildConfigurations = (
				D58AA222185B23BB00DBEAC7 /* Debug */,
				D58AA223185B23BB00DBEAC7 /* Release */,
			);
			defaultConfigurationIsVisible = 0;
			defaultConfigurationName = Release;
		};
		D58AA224185B23BB00DBEAC7 /* Build configuration list for PBXNativeTarget "QuickLook reStructuredText" */ = {
			isa = XCConfigurationList;
			buildConfigurations = (
				D58AA225185B23BB00DBEAC7 /* Debug */,
				D58AA226185B23BB00DBEAC7 /* Release */,
			);
			defaultConfigurationIsVisible = 0;
			defaultConfigurationName = Release;
		};
		D58AA22D185B827500DBEAC7 /* Build configuration list for PBXLegacyTarget "Nimrod rst lib" */ = {
			isa = XCConfigurationList;
			buildConfigurations = (
				D58AA22E185B827500DBEAC7 /* Debug */,
				D58AA22F185B827500DBEAC7 /* Release */,
			);
			defaultConfigurationIsVisible = 0;
			defaultConfigurationName = Release;
		};
		D58AA295185BC12F00DBEAC7 /* Build configuration list for PBXNativeTarget "rebuilder" */ = {
			isa = XCConfigurationList;
			buildConfigurations = (
				D58AA296185BC12F00DBEAC7 /* Debug */,
				D58AA297185BC12F00DBEAC7 /* Release */,
			);
			defaultConfigurationIsVisible = 0;
			defaultConfigurationName = Release;
		};
/* End XCConfigurationList section */
	};
	rootObject = D58AA200185B23BB00DBEAC7 /* Project object */;
}
